
Microsoft Visual Studio Solution File, Format Version 12.00
# Visual Studio Version 17
VisualStudioVersion = 17.14.37502.11
MinimumVisualStudioVersion = 10.0.40219.1
Project("{FAE04EC0-301F-11D3-BF4B-00C04F79EFBC}") = "MyShop", "MyShop.csproj", "{27B47CC4-3C6C-4D2C-A1C1-B1F6E593BB83}"
EndProject
Global
	GlobalSection(SolutionConfigurationPlatforms) = preSolution
		Debug|Any CPU = Debug|Any CPU
		Release|Any CPU = Release|Any CPU
	EndGlobalSection
	GlobalSection(ProjectConfigurationPlatforms) = postSolution
		{27B47CC4-3C6C-4D2C-A1C1-B1F6E593BB83}.Debug|Any CPU.ActiveCfg = Debug|Any CPU
		{27B47CC4-3C6C-4D2C-A1C1-B1F6E593BB83}.Debug|Any CPU.Build.0 = Debug|Any CPU
		{27B47CC4-3C6C-4D2C-A1C1-B1F6E593BB83}.Release|Any CPU.ActiveCfg = Release|Any CPU
		{27B47CC4-3C6C-4D2C-A1C1-B1F6E593BB83}.Release|Any CPU.Build.0 = Release|Any CPU
	EndGlobalSection
	GlobalSection(SolutionProperties) = preSolution
		HideSolutionNode = FALSE
	EndGlobalSection
	GlobalSection(ExtensibilityGlobals) = postSolution
		SolutionGuid = {7D543A5F-BD9A-416D-99C9-517E79B8F407}
	EndGlobalSection
EndGlobal
